
Microsoft Visual Studio Solution File, Format Version 12.00
# Visual Studio Version 17
VisualStudioVersion = 17.2.32526.322
MinimumVisualStudioVersion = 10.0.40219.1
Project("{FAE04EC0-301F-11D3-BF4B-00C04F79EFBC}") = "4_104", "4_104\4_104.csproj", "{7444C8DA-8F95-47E1-BE3F-7DD4DECCF92B}"
EndProject
Global
	GlobalSection(SolutionConfigurationPlatforms) = preSolution
		Debug|Any CPU = Debug|Any CPU
		Release|Any CPU = Release|Any CPU
	EndGlobalSection
	GlobalSection(ProjectConfigurationPlatforms) = postSolution
		{7444C8DA-8F95-47E1-BE3F-7DD4DECCF92B}.Debug|Any CPU.ActiveCfg = Debug|Any CPU
		{7444C8DA-8F95-47E1-BE3F-7DD4DECCF92B}.Debug|Any CPU.Build.0 = Debug|Any CPU
		{7444C8DA-8F95-47E1-BE3F-7DD4DECCF92B}.Release|Any CPU.ActiveCfg = Release|Any CPU
		{7444C8DA-8F95-47E1-BE3F-7DD4DECCF92B}.Release|Any CPU.Build.0 = Release|Any CPU
	EndGlobalSection
	GlobalSection(SolutionProperties) = preSolution
		HideSolutionNode = FALSE
	EndGlobalSection
	GlobalSection(ExtensibilityGlobals) = postSolution
		SolutionGuid = {44F30E8B-D2D7-4B36-B6F6-31447A013164}
	EndGlobalSection
EndGlobal
